
Microsoft Visual Studio Solution File, Format Version 12.00
# Visual Studio Version 17
VisualStudioVersion = 17.14.36401.2
MinimumVisualStudioVersion = 10.0.40219.1
Project("{FAE04EC0-301F-11D3-BF4B-00C04F79EFBC}") = "01_MainSubjects", "01_MainSubjects\01_MainSubjects.csproj", "{16B2F2AF-A620-4123-809F-5C28DF633FD8}"
EndProject
Project("{FAE04EC0-301F-11D3-BF4B-00C04F79EFBC}") = "02_Veriables", "02_Veriables\02_Veriables.csproj", "{521CE2B2-B7C4-43FC-810E-C653F624DE6A}"
EndProject
Project("{FAE04EC0-301F-11D3-BF4B-00C04F79EFBC}") = "LoopWithStarts", "LoopWithStarts\LoopWithStarts.csproj", "{4259EE94-7839-47AC-AD21-8D3DCEE59E6A}"
EndProject
Project("{FAE04EC0-301F-11D3-BF4B-00C04F79EFBC}") = "Metotlar", "Metotlar\Metotlar.csproj", "{4CBFB4C4-2238-4D4A-9042-E157B3080C6E}"
EndProject
Project("{FAE04EC0-301F-11D3-BF4B-00C04F79EFBC}") = "DatabaseProject", "DatabaseProject\DatabaseProject.csproj", "{5F29FE87-F83C-49A5-82A4-CD8C8FB7C38F}"
EndProject
Project("{FAE04EC0-301F-11D3-BF4B-00C04F79EFBC}") = "DatabasesCrud", "DatabasesCrud\DatabasesCrud.csproj", "{71A18CE1-41B9-4AB9-88D2-01C11FA0762E}"
EndProject
Global
	GlobalSection(SolutionConfigurationPlatforms) = preSolution
		Debug|Any CPU = Debug|Any CPU
		Release|Any CPU = Release|Any CPU
	EndGlobalSection
	GlobalSection(ProjectConfigurationPlatforms) = postSolution
		{16B2F2AF-A620-4123-809F-5C28DF633FD8}.Debug|Any CPU.ActiveCfg = Debug|Any CPU
		{16B2F2AF-A620-4123-809F-5C28DF633FD8}.Debug|Any CPU.Build.0 = Debug|Any CPU
		{16B2F2AF-A620-4123-809F-5C28DF633FD8}.Release|Any CPU.ActiveCfg = Release|Any CPU
		{16B2F2AF-A620-4123-809F-5C28DF633FD8}.Release|Any CPU.Build.0 = Release|Any CPU
		{521CE2B2-B7C4-43FC-810E-C653F624DE6A}.Debug|Any CPU.ActiveCfg = Debug|Any CPU
		{521CE2B2-B7C4-43FC-810E-C653F624DE6A}.Debug|Any CPU.Build.0 = Debug|Any CPU
		{521CE2B2-B7C4-43FC-810E-C653F624DE6A}.Release|Any CPU.ActiveCfg = Release|Any CPU
		{521CE2B2-B7C4-43FC-810E-C653F624DE6A}.Release|Any CPU.Build.0 = Release|Any CPU
		{4259EE94-7839-47AC-AD21-8D3DCEE59E6A}.Debug|Any CPU.ActiveCfg = Debug|Any CPU
		{4259EE94-7839-47AC-AD21-8D3DCEE59E6A}.Debug|Any CPU.Build.0 = Debug|Any CPU
		{4259EE94-7839-47AC-AD21-8D3DCEE59E6A}.Release|Any CPU.ActiveCfg = Release|Any CPU
		{4259EE94-7839-47AC-AD21-8D3DCEE59E6A}.Release|Any CPU.Build.0 = Release|Any CPU
		{4CBFB4C4-2238-4D4A-9042-E157B3080C6E}.Debug|Any CPU.ActiveCfg = Debug|Any CPU
		{4CBFB4C4-2238-4D4A-9042-E157B3080C6E}.Debug|Any CPU.Build.0 = Debug|Any CPU
		{4CBFB4C4-2238-4D4A-9042-E157B3080C6E}.Release|Any CPU.ActiveCfg = Release|Any CPU
		{4CBFB4C4-2238-4D4A-9042-E157B3080C6E}.Release|Any CPU.Build.0 = Release|Any CPU
		{5F29FE87-F83C-49A5-82A4-CD8C8FB7C38F}.Debug|Any CPU.ActiveCfg = Debug|Any CPU
		{5F29FE87-F83C-49A5-82A4-CD8C8FB7C38F}.Debug|Any CPU.Build.0 = Debug|Any CPU
		{5F29FE87-F83C-49A5-82A4-CD8C8FB7C38F}.Release|Any CPU.ActiveCfg = Release|Any CPU
		{5F29FE87-F83C-49A5-82A4-CD8C8FB7C38F}.Release|Any CPU.Build.0 = Release|Any CPU
		{71A18CE1-41B9-4AB9-88D2-01C11FA0762E}.Debug|Any CPU.ActiveCfg = Debug|Any CPU
		{71A18CE1-41B9-4AB9-88D2-01C11FA0762E}.Debug|Any CPU.Build.0 = Debug|Any CPU
		{71A18CE1-41B9-4AB9-88D2-01C11FA0762E}.Release|Any CPU.ActiveCfg = Release|Any CPU
		{71A18CE1-41B9-4AB9-88D2-01C11FA0762E}.Release|Any CPU.Build.0 = Release|Any CPU
	EndGlobalSection
	GlobalSection(SolutionProperties) = preSolution
		HideSolutionNode = FALSE
	EndGlobalSection
	GlobalSection(ExtensibilityGlobals) = postSolution
		SolutionGuid = {BB00EA6D-A1CC-4D34-864B-DE07DB4CC91C}
	EndGlobalSection
EndGlobal
